
Microsoft Visual Studio Solution File, Format Version 12.00
# Visual Studio Version 16
VisualStudioVersion = 16.0.33130.400
MinimumVisualStudioVersion = 10.0.40219.1
Project("{FAE04EC0-301F-11D3-BF4B-00C04F79EFBC}") = "RestaurantAPI", "RestaurantAPI.csproj", "{E863643F-B70A-425F-B2FF-2D8E6EF1ADB0}"
EndProject
Global
	GlobalSection(SolutionConfigurationPlatforms) = preSolution
		Debug|Any CPU = Debug|Any CPU
		Release|Any CPU = Release|Any CPU
	EndGlobalSection
	GlobalSection(ProjectConfigurationPlatforms) = postSolution
		{E863643F-B70A-425F-B2FF-2D8E6EF1ADB0}.Debug|Any CPU.ActiveCfg = Debug|Any CPU
		{E863643F-B70A-425F-B2FF-2D8E6EF1ADB0}.Debug|Any CPU.Build.0 = Debug|Any CPU
		{E863643F-B70A-425F-B2FF-2D8E6EF1ADB0}.Release|Any CPU.ActiveCfg = Release|Any CPU
		{E863643F-B70A-425F-B2FF-2D8E6EF1ADB0}.Release|Any CPU.Build.0 = Release|Any CPU
	EndGlobalSection
	GlobalSection(SolutionProperties) = preSolution
		HideSolutionNode = FALSE
	EndGlobalSection
	GlobalSection(ExtensibilityGlobals) = postSolution
		SolutionGuid = {73E87CE1-306C-495C-8D9D-D98AF7781A37}
	EndGlobalSection
EndGlobal
